// !$*UTF8*$!
{
	archiveVersion = 1;
	classes = {
	};
	objectVersion = 46;
	objects = {

/* Begin PBXBuildFile section */
		A90DD2EC1BE6F991007427BF /* AppDelegate.swift in Sources */ = {isa = PBXBuildFile; fileRef = A90DD2EB1BE6F991007427BF /* AppDelegate.swift */; };
		A90DD2EE1BE6F991007427BF /* ViewController.swift in Sources */ = {isa = PBXBuildFile; fileRef = A90DD2ED1BE6F991007427BF /* ViewController.swift */; };
		A90DD2F11BE6F991007427BF /* Main.storyboard in Resources */ = {isa = PBXBuildFile; fileRef = A90DD2EF1BE6F991007427BF /* Main.storyboard */; };
		A90DD2F31BE6F991007427BF /* Assets.xcassets in Resources */ = {isa = PBXBuildFile; fileRef = A90DD2F21BE6F991007427BF /* Assets.xcassets */; };
		A90DD2F61BE6F991007427BF /* LaunchScreen.storyboard in Resources */ = {isa = PBXBuildFile; fileRef = A90DD2F41BE6F991007427BF /* LaunchScreen.storyboard */; };
		A90DD2FE1BE6FD94007427BF /* PlaySoundsViewController.swift in Sources */ = {isa = PBXBuildFile; fileRef = A90DD2FD1BE6FD94007427BF /* PlaySoundsViewController.swift */; settings = {ASSET_TAGS = (); }; };
		A90DD3001BE6FDA6007427BF /* RecordSoundsViewController.swift in Sources */ = {isa = PBXBuildFile; fileRef = A90DD2FF1BE6FDA6007427BF /* RecordSoundsViewController.swift */; settings = {ASSET_TAGS = (); }; };
		A90DD3021BE6FE94007427BF /* RecordedAudio.swift in Sources */ = {isa = PBXBuildFile; fileRef = A90DD3011BE6FE94007427BF /* RecordedAudio.swift */; settings = {ASSET_TAGS = (); }; };
/* End PBXBuildFile section */

/* Begin PBXFileReference section */
		A90DD2E81BE6F991007427BF /* RecordAudioPlaybackApp.app */ = {isa = PBXFileReference; explicitFileType = wrapper.application; includeInIndex = 0; path = RecordAudioPlaybackApp.app; sourceTree = BUILT_PRODUCTS_DIR; };
		A90DD2EB1BE6F991007427BF /* AppDelegate.swift */ = {isa = PBXFileReference; lastKnownFileType = sourcecode.swift; path = AppDelegate.swift; sourceTree = "<group>"; };
		A90DD2ED1BE6F991007427BF /* ViewController.swift */ = {isa = PBXFileReference; lastKnownFileType = sourcecode.swift; path = ViewController.swift; sourceTree = "<group>"; };
		A90DD2F01BE6F991007427BF /* Base */ = {isa = PBXFileReference; lastKnownFileType = file.storyboard; name = Base; path = Base.lproj/Main.storyboard; sourceTree = "<group>"; };
		A90DD2F21BE6F991007427BF /* Assets.xcassets */ = {isa = PBXFileReference; lastKnownFileType = folder.assetcatalog; path = Assets.xcassets; sourceTree = "<group>"; };
		A90DD2F51BE6F991007427BF /* Base */ = {isa = PBXFileReference; lastKnownFileType = file.storyboard; name = Base; path = Base.lproj/LaunchScreen.storyboard; sourceTree = "<group>"; };
		A90DD2F71BE6F991007427BF /* Info.plist */ = {isa = PBXFileReference; lastKnownFileType = text.plist.xml; path = Info.plist; sourceTree = "<group>"; };
		A90DD2FD1BE6FD94007427BF /* PlaySoundsViewController.swift */ = {isa = PBXFileReference; fileEncoding = 4; lastKnownFileType = sourcecode.swift; path = PlaySoundsViewController.swift; sourceTree = "<group>"; };
		A90DD2FF1BE6FDA6007427BF /* RecordSoundsViewController.swift */ = {isa = PBXFileReference; fileEncoding = 4; lastKnownFileType = sourcecode.swift; path = RecordSoundsViewController.swift; sourceTree = "<group>"; };
		A90DD3011BE6FE94007427BF /* RecordedAudio.swift */ = {isa = PBXFileReference; fileEncoding = 4; lastKnownFileType = sourcecode.swift; path = RecordedAudio.swift; sourceTree = "<group>"; };
/* End PBXFileReference section */

/* Begin PBXFrameworksBuildPhase section */
		A90DD2E51BE6F991007427BF /* Frameworks */ = {
			isa = PBXFrameworksBuildPhase;
			buildActionMask = 2147483647;
			files = (
			);
			runOnlyForDeploymentPostprocessing = 0;
		};
/* End PBXFrameworksBuildPhase section */

/* Begin PBXGroup section */
		A90DD2DF1BE6F991007427BF = {
			isa = PBXGroup;
			children = (
				A90DD2EA1BE6F991007427BF /* RecordAudioPlaybackApp */,
				A90DD2E91BE6F991007427BF /* Products */,
			);
			sourceTree = "<group>";
		};
		A90DD2E91BE6F991007427BF /* Products */ = {
			isa = PBXGroup;
			children = (
				A90DD2E81BE6F991007427BF /* RecordAudioPlaybackApp.app */,
			);
			name = Products;
			sourceTree = "<group>";
		};
		A90DD2EA1BE6F991007427BF /* RecordAudioPlaybackApp */ = {
			isa = PBXGroup;
			children = (
				A90DD2EB1BE6F991007427BF /* AppDelegate.swift */,
				A90DD2ED1BE6F991007427BF /* ViewController.swift */,
				A90DD2FD1BE6FD94007427BF /* PlaySoundsViewController.swift */,
				A90DD3011BE6FE94007427BF /* RecordedAudio.swift */,
				A90DD2FF1BE6FDA6007427BF /* RecordSoundsViewController.swift */,
				A90DD2EF1BE6F991007427BF /* Main.storyboard */,
				A90DD2F21BE6F991007427BF /* Assets.xcassets */,
				A90DD2F41BE6F991007427BF /* LaunchScreen.storyboard */,
				A90DD2F71BE6F991007427BF /* Info.plist */,
			);
			path = RecordAudioPlaybackApp;
			sourceTree = "<group>";
		};
/* End PBXGroup section */

/* Begin PBXNativeTarget section */
		A90DD2E71BE6F991007427BF /* RecordAudioPlaybackApp */ = {
			isa = PBXNativeTarget;
			buildConfigurationList = A90DD2FA1BE6F991007427BF /* Build configuration list for PBXNativeTarget "RecordAudioPlaybackApp" */;
			buildPhases = (
				A90DD2E41BE6F991007427BF /* Sources */,
				A90DD2E51BE6F991007427BF /* Frameworks */,
				A90DD2E61BE6F991007427BF /* Resources */,
			);
			buildRules = (
			);
			dependencies = (
			);
			name = RecordAudioPlaybackApp;
			productName = RecordAudioPlaybackApp;
			productReference = A90DD2E81BE6F991007427BF /* RecordAudioPlaybackApp.app */;
			productType = "com.apple.product-type.application";
		};
/* End PBXNativeTarget section */

/* Begin PBXProject section */
		A90DD2E01BE6F991007427BF /* Project object */ = {
			isa = PBXProject;
			attributes = {
				LastUpgradeCheck = 0700;
				ORGANIZATIONNAME = "martin hand";
				TargetAttributes = {
					A90DD2E71BE6F991007427BF = {
						CreatedOnToolsVersion = 7.0;
						DevelopmentTeam = Q3F74MMXH5;
					};
				};
			};
			buildConfigurationList = A90DD2E31BE6F991007427BF /* Build configuration list for PBXProject "RecordAudioPlaybackApp" */;
			compatibilityVersion = "Xcode 3.2";
			developmentRegion = English;
			hasScannedForEncodings = 0;
			knownRegions = (
				en,
				Base,
			);
			mainGroup = A90DD2DF1BE6F991007427BF;
			productRefGroup = A90DD2E91BE6F991007427BF /* Products */;
			projectDirPath = "";
			projectRoot = "";
			targets = (
				A90DD2E71BE6F991007427BF /* RecordAudioPlaybackApp */,
			);
		};
/* End PBXProject section */

/* Begin PBXResourcesBuildPhase section */
		A90DD2E61BE6F991007427BF /* Resources */ = {
			isa = PBXResourcesBuildPhase;
			buildActionMask = 2147483647;
			files = (
				A90DD2F61BE6F991007427BF /* LaunchScreen.storyboard in Resources */,
				A90DD2F31BE6F991007427BF /* Assets.xcassets in Resources */,
				A90DD2F11BE6F991007427BF /* Main.storyboard in Resources */,
			);
			runOnlyForDeploymentPostprocessing = 0;
		};
/* End PBXResourcesBuildPhase section */

/* Begin PBXSourcesBuildPhase section */
		A90DD2E41BE6F991007427BF /* Sources */ = {
			isa = PBXSourcesBuildPhase;
			buildActionMask = 2147483647;
			files = (
				A90DD2EE1BE6F991007427BF /* ViewController.swift in Sources */,
				A90DD2FE1BE6FD94007427BF /* PlaySoundsViewController.swift in Sources */,
				A90DD3001BE6FDA6007427BF /* RecordSoundsViewController.swift in Sources */,
				A90DD2EC1BE6F991007427BF /* AppDelegate.swift in Sources */,
				A90DD3021BE6FE94007427BF /* RecordedAudio.swift in Sources */,
			);
			runOnlyForDeploymentPostprocessing = 0;
		};
/* End PBXSourcesBuildPhase section */

/* Begin PBXVariantGroup section */
		A90DD2EF1BE6F991007427BF /* Main.storyboard */ = {
			isa = PBXVariantGroup;
			children = (
				A90DD2F01BE6F991007427BF /* Base */,
			);
			name = Main.storyboard;
			sourceTree = "<group>";
		};
		A90DD2F41BE6F991007427BF /* LaunchScreen.storyboard */ = {
			isa = PBXVariantGroup;
			children = (
				A90DD2F51BE6F991007427BF /* Base */,
			);
			name = LaunchScreen.storyboard;
			sourceTree = "<group>";
		};
/* End PBXVariantGroup section */

/* Begin XCBuildConfiguration section */
		A90DD2F81BE6F991007427BF /* Debug */ = {
			isa = XCBuildConfiguration;
			buildSettings = {
				ALWAYS_SEARCH_USER_PATHS = NO;
				CLANG_CXX_LANGUAGE_STANDARD = "gnu++0x";
				CLANG_CXX_LIBRARY = "libc++";
				CLANG_ENABLE_MODULES = YES;
				CLANG_ENABLE_OBJC_ARC = YES;
				CLANG_WARN_BOOL_CONVERSION = YES;
				CLANG_WARN_CONSTANT_CONVERSION = YES;
				CLANG_WARN_DIRECT_OBJC_ISA_USAGE = YES_ERROR;
				CLANG_WARN_EMPTY_BODY = YES;
				CLANG_WARN_ENUM_CONVERSION = YES;
				CLANG_WARN_INT_CONVERSION = YES;
				CLANG_WARN_OBJC_ROOT_CLASS = YES_ERROR;
				CLANG_WARN_UNREACHABLE_CODE = YES;
				CLANG_WARN__DUPLICATE_METHOD_MATCH = YES;
				"CODE_SIGN_IDENTITY[sdk=iphoneos*]" = "iPhone Developer";
				COPY_PHASE_STRIP = NO;
				DEBUG_INFORMATION_FORMAT = dwarf;
				ENABLE_STRICT_OBJC_MSGSEND = YES;
				ENABLE_TESTABILITY = YES;
				GCC_C_LANGUAGE_STANDARD = gnu99;
				GCC_DYNAMIC_NO_PIC = NO;
				GCC_NO_COMMON_BLOCKS = YES;
				GCC_OPTIMIZATION_LEVEL = 0;
				GCC_PREPROCESSOR_DEFINITIONS = (
					"DEBUG=1",
					"$(inherited)",
				);
				GCC_WARN_64_TO_32_BIT_CONVERSION = YES;
				GCC_WARN_ABOUT_RETURN_TYPE = YES_ERROR;
				GCC_WARN_UNDECLARED_SELECTOR = YES;
				GCC_WARN_UNINITIALIZED_AUTOS = YES_AGGRESSIVE;
				GCC_WARN_UNUSED_FUNCTION = YES;
				GCC_WARN_UNUSED_VARIABLE = YES;
				IPHONEOS_DEPLOYMENT_TARGET = 9.0;
				MTL_ENABLE_DEBUG_INFO = YES;
				ONLY_ACTIVE_ARCH = YES;
				SDKROOT = iphoneos;
				SWIFT_OPTIMIZATION_LEVEL = "-Onone";
			};
			name = Debug;
		};
		A90DD2F91BE6F991007427BF /* Release */ = {
			isa = XCBuildConfiguration;
			buildSettings = {
				ALWAYS_SEARCH_USER_PATHS = NO;
				CLANG_CXX_LANGUAGE_STANDARD = "gnu++0x";
				CLANG_CXX_LIBRARY = "libc++";
				CLANG_ENABLE_MODULES = YES;
				CLANG_ENABLE_OBJC_ARC = YES;
				CLANG_WARN_BOOL_CONVERSION = YES;
				CLANG_WARN_CONSTANT_CONVERSION = YES;
				CLANG_WARN_DIRECT_OBJC_ISA_USAGE = YES_ERROR;
				CLANG_WARN_EMPTY_BODY = YES;
				CLANG_WARN_ENUM_CONVERSION = YES;
				CLANG_WARN_INT_CONVERSION = YES;
				CLANG_WARN_OBJC_ROOT_CLASS = YES_ERROR;
				CLANG_WARN_UNREACHABLE_CODE = YES;
				CLANG_WARN__DUPLICATE_METHOD_MATCH = YES;
				"CODE_SIGN_IDENTITY[sdk=iphoneos*]" = "iPhone Developer";
				COPY_PHASE_STRIP = NO;
				DEBUG_INFORMATION_FORMAT = "dwarf-with-dsym";
				ENABLE_NS_ASSERTIONS = NO;
				ENABLE_STRICT_OBJC_MSGSEND = YES;
				GCC_C_LANGUAGE_STANDARD = gnu99;
				GCC_NO_COMMON_BLOCKS = YES;
				GCC_WARN_64_TO_32_BIT_CONVERSION = YES;
				GCC_WARN_ABOUT_RETURN_TYPE = YES_ERROR;
				GCC_WARN_UNDECLARED_SELECTOR = YES;
				GCC_WARN_UNINITIALIZED_AUTOS = YES_AGGRESSIVE;
				GCC_WARN_UNUSED_FUNCTION = YES;
				GCC_WARN_UNUSED_VARIABLE = YES;
				IPHONEOS_DEPLOYMENT_TARGET = 9.0;
				MTL_ENABLE_DEBUG_INFO = NO;
				SDKROOT = iphoneos;
				VALIDATE_PRODUCT = YES;
			};
			name = Release;
		};
		A90DD2FB1BE6F991007427BF /* Debug */ = {
			isa = XCBuildConfiguration;
			buildSettings = {
				ASSETCATALOG_COMPILER_APPICON_NAME = AppIcon;
				INFOPLIST_FILE = RecordAudioPlaybackApp/Info.plist;
				LD_RUNPATH_SEARCH_PATHS = "$(inherited) @executable_path/Frameworks";
				PRODUCT_BUNDLE_IDENTIFIER = com.mdhmotors.RecordAudioPlaybackApp;
				PRODUCT_NAME = "$(TARGET_NAME)";
			};
			name = Debug;
		};
		A90DD2FC1BE6F991007427BF /* Release */ = {
			isa = XCBuildConfiguration;
			buildSettings = {
				ASSETCATALOG_COMPILER_APPICON_NAME = AppIcon;
				INFOPLIST_FILE = RecordAudioPlaybackApp/Info.plist;
				LD_RUNPATH_SEARCH_PATHS = "$(inherited) @executable_path/Frameworks";
				PRODUCT_BUNDLE_IDENTIFIER = com.mdhmotors.RecordAudioPlaybackApp;
				PRODUCT_NAME = "$(TARGET_NAME)";
			};
			name = Release;
		};
/* End XCBuildConfiguration section */

/* Begin XCConfigurationList section */
		A90DD2E31BE6F991007427BF /* Build configuration list for PBXProject "RecordAudioPlaybackApp" */ = {
			isa = XCConfigurationList;
			buildConfigurations = (
				A90DD2F81BE6F991007427BF /* Debug */,
				A90DD2F91BE6F991007427BF /* Release */,
			);
			defaultConfigurationIsVisible = 0;
			defaultConfigurationName = Release;
		};
		A90DD2FA1BE6F991007427BF /* Build configuration list for PBXNativeTarget "RecordAudioPlaybackApp" */ = {
			isa = XCConfigurationList;
			buildConfigurations = (
				A90DD2FB1BE6F991007427BF /* Debug */,
				A90DD2FC1BE6F991007427BF /* Release */,
			);
			defaultConfigurationIsVisible = 0;
		};
/* End XCConfigurationList section */
	};
	rootObject = A90DD2E01BE6F991007427BF /* Project object */;
}
